<?xml version="1.0" encoding="utf-8"?>
<Project ToolsVersion="4.0" xmlns="http://schemas.microsoft.com/developer/msbuild/2003">
  <ItemGroup>
    <Filter Include="Source Files">
      <UniqueIdentifier>{4FC737F1-C7A5-4376-A066-2A32D752A2FF}</UniqueIdentifier>
      <Extensions>cpp;c;cc;cxx;c++;cppm;ixx;def;odl;idl;hpj;bat;asm;asmx</Extensions>
    </Filter>
    <Filter Include="Header Files">
      <UniqueIdentifier>{93995380-89BD-4b04-88EB-625FBE52EBFB}</UniqueIdentifier>
      <Extensions>h;hh;hpp;hxx;h++;hm;inl;inc;ipp;xsd</Extensions>
    </Filter>
    <Filter Include="Resource Files">
      <UniqueIdentifier>{67DA6AB6-F800-4c08-8B7A-83BB121AAD01}</UniqueIdentifier>
      <Extensions>rc;ico;cur;bmp;dlg;rc2;rct;bin;rgs;gif;jpg;jpeg;jpe;resx;tiff;tif;png;wav;mfcribbon-ms</Extensions>
    </Filter>
    <Filter Include="Source Files\View">
      <UniqueIdentifier>{8d889964-e76a-49ec-9c86-a351c20a4e41}</UniqueIdentifier>
    </Filter>
    <Filter Include="Source Files\View\Utilities">
      <UniqueIdentifier>{0e3cd958-60ef-43f9-a8e8-33c6df264f5f}</UniqueIdentifier>
    </Filter>
    <Filter Include="Source Files\View\Imgui">
      <UniqueIdentifier>{fefdb65d-01c0-4cea-82e4-2b9499b2f203}</UniqueIdentifier>
    </Filter>
    <Filter Include="Source Files\View\Shaders">
      <UniqueIdentifier>{2883ce93-3ce1-4f72-a3e0-3f9ac14bdd28}</UniqueIdentifier>
    </Filter>
    <Filter Include="Source Files\Control">
      <UniqueIdentifier>{c5e93524-0e5b-4005-9b0c-950377bab2a4}</UniqueIdentifier>
    </Filter>
    <Filter Include="Source Files\View\Objects">
      <UniqueIdentifier>{c064b6c1-4119-4ff8-b0fe-10d2dc44f53e}</UniqueIdentifier>
    </Filter>
    <Filter Include="Source Files\Model">
      <UniqueIdentifier>{dcd220b4-f2e4-44a1-adda-45d258c5e90d}</UniqueIdentifier>
    </Filter>
    <Filter Include="Documentation">
      <UniqueIdentifier>{942e0321-0162-4e2d-b3fd-a210ca9a679c}</UniqueIdentifier>
    </Filter>
  </ItemGroup>
  <ItemGroup>
    <ClCompile Include="TrafficSimulator.cpp">
      <Filter>Source Files</Filter>
    </ClCompile>
    <ClCompile Include="View\WorkWindow.cpp">
      <Filter>Source Files\View</Filter>
    </ClCompile>
    <ClCompile Include="View\Utilities\ObjParser_OGL3.cpp">
      <Filter>Source Files\View\Utilities</Filter>
    </ClCompile>
    <ClCompile Include="View\Utilities\ProgramObject.cpp">
      <Filter>Source Files\View\Utilities</Filter>
    </ClCompile>
    <ClCompile Include="View\Utilities\ShaderObject.cpp">
      <Filter>Source Files\View\Utilities</Filter>
    </ClCompile>
    <ClCompile Include="View\Utilities\VertexArrayObject.cpp">
      <Filter>Source Files\View\Utilities</Filter>
    </ClCompile>
    <ClCompile Include="View\Utilities\GLconversions.cpp">
      <Filter>Source Files\View\Utilities</Filter>
    </ClCompile>
    <ClCompile Include="View\Utilities\Mesh_OGL3.cpp">
      <Filter>Source Files\View\Utilities</Filter>
    </ClCompile>
    <ClCompile Include="T:\OGLPack\include\imgui\imgui_draw.cpp">
      <Filter>Source Files\View\Imgui</Filter>
    </ClCompile>
    <ClCompile Include="T:\OGLPack\include\imgui\imgui_impl_sdl_gl3.cpp">
      <Filter>Source Files\View\Imgui</Filter>
    </ClCompile>
    <ClCompile Include="T:\OGLPack\include\imgui\imgui.cpp">
      <Filter>Source Files\View\Imgui</Filter>
    </ClCompile>
    <ClCompile Include="T:\OGLPack\include\imgui\imgui_demo.cpp">
      <Filter>Source Files\View\Imgui</Filter>
    </ClCompile>
    <ClCompile Include="View\Camera.cpp">
      <Filter>Source Files\View</Filter>
    </ClCompile>
    <ClCompile Include="Control\Logger.cpp">
      <Filter>Source Files\Control</Filter>
    </ClCompile>
    <ClCompile Include="View\EventListener.cpp">
      <Filter>Source Files\View</Filter>
    </ClCompile>
    <ClCompile Include="View\Render.cpp">
      <Filter>Source Files\View</Filter>
    </ClCompile>
    <ClCompile Include="View\GUI.cpp">
      <Filter>Source Files\View</Filter>
    </ClCompile>
    <ClCompile Include="View\fpsCounter.cpp">
      <Filter>Source Files\View</Filter>
    </ClCompile>
    <ClCompile Include="View\Objects\ObjectStorage.cpp">
      <Filter>Source Files\View\Objects</Filter>
    </ClCompile>
    <ClCompile Include="View\Objects\Object3D.cpp">
      <Filter>Source Files\View\Objects</Filter>
    </ClCompile>
    <ClCompile Include="View\Objects\Object3Dvehicle.cpp">
      <Filter>Source Files\View\Objects</Filter>
    </ClCompile>
    <ClCompile Include="Model\Dijkstra.cpp">
      <Filter>Source Files\Model</Filter>
    </ClCompile>
    <ClCompile Include="Model\reverseMap.cpp">
      <Filter>Source Files\Model</Filter>
    </ClCompile>
    <ClCompile Include="View\Objects\Object3Droad.cpp">
      <Filter>Source Files\View\Objects</Filter>
    </ClCompile>
    <ClCompile Include="Control\MapLoader.cpp">
      <Filter>Source Files\Control</Filter>
    </ClCompile>
    <ClCompile Include="Control\MapSaver.cpp">
      <Filter>Source Files\Control</Filter>
    </ClCompile>
    <ClCompile Include="View\RayPicking.cpp">
      <Filter>Source Files\View</Filter>
    </ClCompile>
    <ClCompile Include="View\GUIWindows.cpp">
      <Filter>Source Files\View</Filter>
    </ClCompile>
    <ClCompile Include="Model\Point.cpp">
      <Filter>Source Files\Model</Filter>
    </ClCompile>
    <ClCompile Include="Model\Edge.cpp">
      <Filter>Source Files\Model</Filter>
    </ClCompile>
    <ClCompile Include="Model\Graph.cpp">
      <Filter>Source Files\Model</Filter>
    </ClCompile>
  </ItemGroup>
  <ItemGroup>
    <ClInclude Include="View\WorkWindow.h">
      <Filter>Source Files\View</Filter>
    </ClInclude>
    <ClInclude Include="View\Utilities\ObjParser_OGL3.h">
      <Filter>Source Files\View\Utilities</Filter>
    </ClInclude>
    <ClInclude Include="View\Utilities\ProgramObject.h">
      <Filter>Source Files\View\Utilities</Filter>
    </ClInclude>
    <ClInclude Include="View\Utilities\ShaderObject.h">
      <Filter>Source Files\View\Utilities</Filter>
    </ClInclude>
    <ClInclude Include="View\Utilities\TextureObject.h">
      <Filter>Source Files\View\Utilities</Filter>
    </ClInclude>
    <ClInclude Include="View\Utilities\VertexArrayObject.h">
      <Filter>Source Files\View\Utilities</Filter>
    </ClInclude>
    <ClInclude Include="View\Utilities\BufferObject.h">
      <Filter>Source Files\View\Utilities</Filter>
    </ClInclude>
    <ClInclude Include="View\Utilities\GLconversions.hpp">
      <Filter>Source Files\View\Utilities</Filter>
    </ClInclude>
    <ClInclude Include="View\Utilities\Mesh_OGL3.h">
      <Filter>Source Files\View\Utilities</Filter>
    </ClInclude>
    <ClInclude Include="T:\OGLPack\include\imgui\imgui_impl_sdl_gl3.h">
      <Filter>Source Files\View\Imgui</Filter>
    </ClInclude>
    <ClInclude Include="T:\OGLPack\include\imgui\imgui_internal.h">
      <Filter>Source Files\View\Imgui</Filter>
    </ClInclude>
    <ClInclude Include="T:\OGLPack\include\imgui\stb_rect_pack.h">
      <Filter>Source Files\View\Imgui</Filter>
    </ClInclude>
    <ClInclude Include="T:\OGLPack\include\imgui\stb_textedit.h">
      <Filter>Source Files\View\Imgui</Filter>
    </ClInclude>
    <ClInclude Include="T:\OGLPack\include\imgui\stb_truetype.h">
      <Filter>Source Files\View\Imgui</Filter>
    </ClInclude>
    <ClInclude Include="T:\OGLPack\include\imgui\imconfig.h">
      <Filter>Source Files\View\Imgui</Filter>
    </ClInclude>
    <ClInclude Include="T:\OGLPack\include\imgui\imgui.h">
      <Filter>Source Files\View\Imgui</Filter>
    </ClInclude>
    <ClInclude Include="View\Camera.h">
      <Filter>Source Files\View</Filter>
    </ClInclude>
    <ClInclude Include="Control\Logger.h">
      <Filter>Source Files\Control</Filter>
    </ClInclude>
    <ClInclude Include="View\Render.h">
      <Filter>Source Files\View</Filter>
    </ClInclude>
    <ClInclude Include="View\GUI.h">
      <Filter>Source Files\View</Filter>
    </ClInclude>
    <ClInclude Include="View\fpsCounter.h">
      <Filter>Source Files\View</Filter>
    </ClInclude>
    <ClInclude Include="View\Objects\Object3Dvehicle.h">
      <Filter>Source Files\View\Objects</Filter>
    </ClInclude>
    <ClInclude Include="View\Objects\ObjectStorage.h">
      <Filter>Source Files\View\Objects</Filter>
    </ClInclude>
    <ClInclude Include="View\Objects\Object3D.h">
      <Filter>Source Files\View\Objects</Filter>
    </ClInclude>
    <ClInclude Include="Model\Dijkstra.h">
      <Filter>Source Files\Model</Filter>
    </ClInclude>
    <ClInclude Include="Model\reverseMap.h">
      <Filter>Source Files\Model</Filter>
    </ClInclude>
    <ClInclude Include="View\Objects\Object3Droad.h">
      <Filter>Source Files\View\Objects</Filter>
    </ClInclude>
    <ClInclude Include="Control\MapLoader.h">
      <Filter>Source Files\Control</Filter>
    </ClInclude>
    <ClInclude Include="Control\MapSaver.h">
      <Filter>Source Files\Control</Filter>
    </ClInclude>
    <ClInclude Include="View\EventListener.h">
      <Filter>Source Files\View</Filter>
    </ClInclude>
    <ClInclude Include="Model\Point.h">
      <Filter>Source Files\Model</Filter>
    </ClInclude>
    <ClInclude Include="Model\Edge.h">
      <Filter>Source Files\Model</Filter>
    </ClInclude>
    <ClInclude Include="Model\Graph.h">
      <Filter>Source Files\Model</Filter>
    </ClInclude>
  </ItemGroup>
  <ItemGroup>
    <None Include="View\Utilities\ProgramObject.inl">
      <Filter>Source Files\View\Utilities</Filter>
    </None>
    <None Include="View\Utilities\TextureObject.inl">
      <Filter>Source Files\View\Utilities</Filter>
    </None>
    <None Include="View\Utilities\VertexArrayObject.inl">
      <Filter>Source Files\View\Utilities</Filter>
    </None>
    <None Include="View\Utilities\BufferObject.inl">
      <Filter>Source Files\View\Utilities</Filter>
    </None>
    <None Include="View\Shaders\fragmentShader.frag">
      <Filter>Source Files\View\Shaders</Filter>
    </None>
    <None Include="View\Shaders\vertexShader.vert">
      <Filter>Source Files\View\Shaders</Filter>
    </None>
    <None Include="..\NOTES.md">
      <Filter>Documentation</Filter>
    </None>
    <None Include="..\TODO">
      <Filter>Documentation</Filter>
    </None>
  </ItemGroup>
  <ItemGroup>
    <Text Include="TODO.txt">
      <Filter>Documentation</Filter>
    </Text>
    <Text Include="BUGS.txt">
      <Filter>Documentation</Filter>
    </Text>
  </ItemGroup>
</Project>